
Microsoft Visual Studio Solution File, Format Version 12.00
# Visual Studio Version 17
VisualStudioVersion = 17.14.36518.9
MinimumVisualStudioVersion = 10.0.40219.1
Project("{FAE04EC0-301F-11D3-BF4B-00C04F79EFBC}") = "TodoServerApp", "TodoServerApp\TodoServerApp.csproj", "{B18583D2-9D99-4447-A044-52A32D212E4B}"
EndProject
Global
	GlobalSection(SolutionConfigurationPlatforms) = preSolution
		Debug|Any CPU = Debug|Any CPU
		Release|Any CPU = Release|Any CPU
	EndGlobalSection
	GlobalSection(ProjectConfigurationPlatforms) = postSolution
		{B18583D2-9D99-4447-A044-52A32D212E4B}.Debug|Any CPU.ActiveCfg = Debug|Any CPU
		{B18583D2-9D99-4447-A044-52A32D212E4B}.Debug|Any CPU.Build.0 = Debug|Any CPU
		{B18583D2-9D99-4447-A044-52A32D212E4B}.Release|Any CPU.ActiveCfg = Release|Any CPU
		{B18583D2-9D99-4447-A044-52A32D212E4B}.Release|Any CPU.Build.0 = Release|Any CPU
	EndGlobalSection
	GlobalSection(SolutionProperties) = preSolution
		HideSolutionNode = FALSE
	EndGlobalSection
	GlobalSection(ExtensibilityGlobals) = postSolution
		SolutionGuid = {86BF6CF2-52FF-423B-BB6A-5654BD236BC7}
	EndGlobalSection
EndGlobal
